// !$*UTF8*$!
{
	archiveVersion = 1;
	classes = {
	};
	objectVersion = 56;
	objects = {

/* Begin PBXBuildFile section */
		7C47FE0429525A2A00AC1F91 /* TrackingView.swift in Sources */ = {isa = PBXBuildFile; fileRef = 7C47FE0329525A2A00AC1F91 /* TrackingView.swift */; };
		7C47FE0829525F3000AC1F91 /* MapView.swift in Sources */ = {isa = PBXBuildFile; fileRef = 7C47FE0729525F3000AC1F91 /* MapView.swift */; };
		7C7882FC29523842005481BC /* IFoundApp.swift in Sources */ = {isa = PBXBuildFile; fileRef = 7C7882FB29523842005481BC /* IFoundApp.swift */; };
		7C7882FE29523842005481BC /* ContentView.swift in Sources */ = {isa = PBXBuildFile; fileRef = 7C7882FD29523842005481BC /* ContentView.swift */; };
		7C78830029523843005481BC /* Assets.xcassets in Resources */ = {isa = PBXBuildFile; fileRef = 7C7882FF29523843005481BC /* Assets.xcassets */; };
		7C78830329523843005481BC /* Preview Assets.xcassets in Resources */ = {isa = PBXBuildFile; fileRef = 7C78830229523843005481BC /* Preview Assets.xcassets */; };
		7C78830D29523A24005481BC /* NavigationCard.swift in Sources */ = {isa = PBXBuildFile; fileRef = 7C78830C29523A24005481BC /* NavigationCard.swift */; };
		7C78830F29523F95005481BC /* ActivityView.swift in Sources */ = {isa = PBXBuildFile; fileRef = 7C78830E29523F95005481BC /* ActivityView.swift */; };
		7C78831129523FA5005481BC /* LoginView.swift in Sources */ = {isa = PBXBuildFile; fileRef = 7C78831029523FA5005481BC /* LoginView.swift */; };
		7C78831329523FB0005481BC /* HistoryView.swift in Sources */ = {isa = PBXBuildFile; fileRef = 7C78831229523FB0005481BC /* HistoryView.swift */; };
		7C78831529523FBF005481BC /* CompasView.swift in Sources */ = {isa = PBXBuildFile; fileRef = 7C78831429523FBF005481BC /* CompasView.swift */; };
		7C78831729525050005481BC /* AppLocationManager.swift in Sources */ = {isa = PBXBuildFile; fileRef = 7C78831629525050005481BC /* AppLocationManager.swift */; };
		7C7E737D295380A60036CBAD /* RoundIconButton.swift in Sources */ = {isa = PBXBuildFile; fileRef = 7C7E737C295380A60036CBAD /* RoundIconButton.swift */; };
		7C7E73852953975E0036CBAD /* OptionsView.swift in Sources */ = {isa = PBXBuildFile; fileRef = 7C7E73842953975E0036CBAD /* OptionsView.swift */; };
		7C9BEF2A29533AAE00BA84CB /* Drawer in Frameworks */ = {isa = PBXBuildFile; productRef = 7C9BEF2929533AAE00BA84CB /* Drawer */; };
		7C9BEF2C2953418800BA84CB /* DrawerElement.swift in Sources */ = {isa = PBXBuildFile; fileRef = 7C9BEF2B2953418800BA84CB /* DrawerElement.swift */; };
		7C9BEF2E295350F700BA84CB /* DrawerButtons.swift in Sources */ = {isa = PBXBuildFile; fileRef = 7C9BEF2D295350F700BA84CB /* DrawerButtons.swift */; };
		7C9BEF302953562000BA84CB /* DrawerView.swift in Sources */ = {isa = PBXBuildFile; fileRef = 7C9BEF2F2953562000BA84CB /* DrawerView.swift */; };
/* End PBXBuildFile section */

/* Begin PBXFileReference section */
		7C47FE0329525A2A00AC1F91 /* TrackingView.swift */ = {isa = PBXFileReference; lastKnownFileType = sourcecode.swift; path = TrackingView.swift; sourceTree = "<group>"; };
		7C47FE0729525F3000AC1F91 /* MapView.swift */ = {isa = PBXFileReference; lastKnownFileType = sourcecode.swift; path = MapView.swift; sourceTree = "<group>"; };
		7C7882F829523842005481BC /* IFound.app */ = {isa = PBXFileReference; explicitFileType = wrapper.application; includeInIndex = 0; path = IFound.app; sourceTree = BUILT_PRODUCTS_DIR; };
		7C7882FB29523842005481BC /* IFoundApp.swift */ = {isa = PBXFileReference; lastKnownFileType = sourcecode.swift; path = IFoundApp.swift; sourceTree = "<group>"; };
		7C7882FD29523842005481BC /* ContentView.swift */ = {isa = PBXFileReference; lastKnownFileType = sourcecode.swift; path = ContentView.swift; sourceTree = "<group>"; };
		7C7882FF29523843005481BC /* Assets.xcassets */ = {isa = PBXFileReference; lastKnownFileType = folder.assetcatalog; path = Assets.xcassets; sourceTree = "<group>"; };
		7C78830229523843005481BC /* Preview Assets.xcassets */ = {isa = PBXFileReference; lastKnownFileType = folder.assetcatalog; path = "Preview Assets.xcassets"; sourceTree = "<group>"; };
		7C78830C29523A24005481BC /* NavigationCard.swift */ = {isa = PBXFileReference; lastKnownFileType = sourcecode.swift; path = NavigationCard.swift; sourceTree = "<group>"; };
		7C78830E29523F95005481BC /* ActivityView.swift */ = {isa = PBXFileReference; lastKnownFileType = sourcecode.swift; path = ActivityView.swift; sourceTree = "<group>"; };
		7C78831029523FA5005481BC /* LoginView.swift */ = {isa = PBXFileReference; lastKnownFileType = sourcecode.swift; path = LoginView.swift; sourceTree = "<group>"; };
		7C78831229523FB0005481BC /* HistoryView.swift */ = {isa = PBXFileReference; lastKnownFileType = sourcecode.swift; path = HistoryView.swift; sourceTree = "<group>"; };
		7C78831429523FBF005481BC /* CompasView.swift */ = {isa = PBXFileReference; lastKnownFileType = sourcecode.swift; path = CompasView.swift; sourceTree = "<group>"; };
		7C78831629525050005481BC /* AppLocationManager.swift */ = {isa = PBXFileReference; lastKnownFileType = sourcecode.swift; path = AppLocationManager.swift; sourceTree = "<group>"; };
		7C7E737C295380A60036CBAD /* RoundIconButton.swift */ = {isa = PBXFileReference; lastKnownFileType = sourcecode.swift; path = RoundIconButton.swift; sourceTree = "<group>"; };
		7C7E73842953975E0036CBAD /* OptionsView.swift */ = {isa = PBXFileReference; lastKnownFileType = sourcecode.swift; path = OptionsView.swift; sourceTree = "<group>"; };
		7C9BEF242953253D00BA84CB /* Info.plist */ = {isa = PBXFileReference; lastKnownFileType = text.plist; path = Info.plist; sourceTree = "<group>"; };
		7C9BEF2B2953418800BA84CB /* DrawerElement.swift */ = {isa = PBXFileReference; lastKnownFileType = sourcecode.swift; path = DrawerElement.swift; sourceTree = "<group>"; };
		7C9BEF2D295350F700BA84CB /* DrawerButtons.swift */ = {isa = PBXFileReference; lastKnownFileType = sourcecode.swift; path = DrawerButtons.swift; sourceTree = "<group>"; };
		7C9BEF2F2953562000BA84CB /* DrawerView.swift */ = {isa = PBXFileReference; lastKnownFileType = sourcecode.swift; path = DrawerView.swift; sourceTree = "<group>"; };
/* End PBXFileReference section */

/* Begin PBXFrameworksBuildPhase section */
		7C7882F529523842005481BC /* Frameworks */ = {
			isa = PBXFrameworksBuildPhase;
			buildActionMask = 2147483647;
			files = (
				7C9BEF2A29533AAE00BA84CB /* Drawer in Frameworks */,
			);
			runOnlyForDeploymentPostprocessing = 0;
		};
/* End PBXFrameworksBuildPhase section */

/* Begin PBXGroup section */
		7C7882EF29523842005481BC = {
			isa = PBXGroup;
			children = (
				7C7882FA29523842005481BC /* IFound */,
				7C7882F929523842005481BC /* Products */,
			);
			sourceTree = "<group>";
		};
		7C7882F929523842005481BC /* Products */ = {
			isa = PBXGroup;
			children = (
				7C7882F829523842005481BC /* IFound.app */,
			);
			name = Products;
			sourceTree = "<group>";
		};
		7C7882FA29523842005481BC /* IFound */ = {
			isa = PBXGroup;
			children = (
				7C9BEF242953253D00BA84CB /* Info.plist */,
				7C78830B29523936005481BC /* Components */,
				7C78830A2952392E005481BC /* Views */,
				7C78830929523927005481BC /* Domain */,
				7C7882FB29523842005481BC /* IFoundApp.swift */,
				7C7882FF29523843005481BC /* Assets.xcassets */,
				7C78830129523843005481BC /* Preview Content */,
				7C78831629525050005481BC /* AppLocationManager.swift */,
			);
			path = IFound;
			sourceTree = "<group>";
		};
		7C78830129523843005481BC /* Preview Content */ = {
			isa = PBXGroup;
			children = (
				7C78830229523843005481BC /* Preview Assets.xcassets */,
			);
			path = "Preview Content";
			sourceTree = "<group>";
		};
		7C78830929523927005481BC /* Domain */ = {
			isa = PBXGroup;
			children = (
			);
			path = Domain;
			sourceTree = "<group>";
		};
		7C78830A2952392E005481BC /* Views */ = {
			isa = PBXGroup;
			children = (
				7C7882FD29523842005481BC /* ContentView.swift */,
				7C78830E29523F95005481BC /* ActivityView.swift */,
				7C78831029523FA5005481BC /* LoginView.swift */,
				7C78831229523FB0005481BC /* HistoryView.swift */,
				7C78831429523FBF005481BC /* CompasView.swift */,
				7C47FE0329525A2A00AC1F91 /* TrackingView.swift */,
				7C7E73842953975E0036CBAD /* OptionsView.swift */,
			);
			path = Views;
			sourceTree = "<group>";
		};
		7C78830B29523936005481BC /* Components */ = {
			isa = PBXGroup;
			children = (
				7C47FE0729525F3000AC1F91 /* MapView.swift */,
				7C78830C29523A24005481BC /* NavigationCard.swift */,
				7C9BEF2B2953418800BA84CB /* DrawerElement.swift */,
				7C9BEF2D295350F700BA84CB /* DrawerButtons.swift */,
				7C9BEF2F2953562000BA84CB /* DrawerView.swift */,
				7C7E737C295380A60036CBAD /* RoundIconButton.swift */,
			);
			path = Components;
			sourceTree = "<group>";
		};
/* End PBXGroup section */

/* Begin PBXNativeTarget section */
		7C7882F729523842005481BC /* IFound */ = {
			isa = PBXNativeTarget;
			buildConfigurationList = 7C78830629523843005481BC /* Build configuration list for PBXNativeTarget "IFound" */;
			buildPhases = (
				7C7882F429523842005481BC /* Sources */,
				7C7882F529523842005481BC /* Frameworks */,
				7C7882F629523842005481BC /* Resources */,
			);
			buildRules = (
			);
			dependencies = (
			);
			name = IFound;
			packageProductDependencies = (
				7C9BEF2929533AAE00BA84CB /* Drawer */,
			);
			productName = IFound;
			productReference = 7C7882F829523842005481BC /* IFound.app */;
			productType = "com.apple.product-type.application";
		};
/* End PBXNativeTarget section */

/* Begin PBXProject section */
		7C7882F029523842005481BC /* Project object */ = {
			isa = PBXProject;
			attributes = {
				BuildIndependentTargetsInParallel = 1;
				LastSwiftUpdateCheck = 1420;
				LastUpgradeCheck = 1420;
				TargetAttributes = {
					7C7882F729523842005481BC = {
						CreatedOnToolsVersion = 14.2;
					};
				};
			};
			buildConfigurationList = 7C7882F329523842005481BC /* Build configuration list for PBXProject "IFound" */;
			compatibilityVersion = "Xcode 14.0";
			developmentRegion = en;
			hasScannedForEncodings = 0;
			knownRegions = (
				en,
				Base,
			);
			mainGroup = 7C7882EF29523842005481BC;
			packageReferences = (
				7C9BEF2829533AAE00BA84CB /* XCRemoteSwiftPackageReference "swiftui-drawer" */,
			);
			productRefGroup = 7C7882F929523842005481BC /* Products */;
			projectDirPath = "";
			projectRoot = "";
			targets = (
				7C7882F729523842005481BC /* IFound */,
			);
		};
/* End PBXProject section */

/* Begin PBXResourcesBuildPhase section */
		7C7882F629523842005481BC /* Resources */ = {
			isa = PBXResourcesBuildPhase;
			buildActionMask = 2147483647;
			files = (
				7C78830329523843005481BC /* Preview Assets.xcassets in Resources */,
				7C78830029523843005481BC /* Assets.xcassets in Resources */,
			);
			runOnlyForDeploymentPostprocessing = 0;
		};
/* End PBXResourcesBuildPhase section */

/* Begin PBXSourcesBuildPhase section */
		7C7882F429523842005481BC /* Sources */ = {
			isa = PBXSourcesBuildPhase;
			buildActionMask = 2147483647;
			files = (
				7C7882FE29523842005481BC /* ContentView.swift in Sources */,
				7C9BEF2C2953418800BA84CB /* DrawerElement.swift in Sources */,
				7C78831329523FB0005481BC /* HistoryView.swift in Sources */,
				7C7E73852953975E0036CBAD /* OptionsView.swift in Sources */,
				7C78830F29523F95005481BC /* ActivityView.swift in Sources */,
				7C47FE0829525F3000AC1F91 /* MapView.swift in Sources */,
				7C9BEF302953562000BA84CB /* DrawerView.swift in Sources */,
				7C7882FC29523842005481BC /* IFoundApp.swift in Sources */,
				7C78831729525050005481BC /* AppLocationManager.swift in Sources */,
				7C78831129523FA5005481BC /* LoginView.swift in Sources */,
				7C7E737D295380A60036CBAD /* RoundIconButton.swift in Sources */,
				7C78831529523FBF005481BC /* CompasView.swift in Sources */,
				7C47FE0429525A2A00AC1F91 /* TrackingView.swift in Sources */,
				7C9BEF2E295350F700BA84CB /* DrawerButtons.swift in Sources */,
				7C78830D29523A24005481BC /* NavigationCard.swift in Sources */,
			);
			runOnlyForDeploymentPostprocessing = 0;
		};
/* End PBXSourcesBuildPhase section */

/* Begin XCBuildConfiguration section */
		7C78830429523843005481BC /* Debug */ = {
			isa = XCBuildConfiguration;
			buildSettings = {
				ALWAYS_SEARCH_USER_PATHS = NO;
				CLANG_ANALYZER_NONNULL = YES;
				CLANG_ANALYZER_NUMBER_OBJECT_CONVERSION = YES_AGGRESSIVE;
				CLANG_CXX_LANGUAGE_STANDARD = "gnu++20";
				CLANG_ENABLE_MODULES = YES;
				CLANG_ENABLE_OBJC_ARC = YES;
				CLANG_ENABLE_OBJC_WEAK = YES;
				CLANG_WARN_BLOCK_CAPTURE_AUTORELEASING = YES;
				CLANG_WARN_BOOL_CONVERSION = YES;
				CLANG_WARN_COMMA = YES;
				CLANG_WARN_CONSTANT_CONVERSION = YES;
				CLANG_WARN_DEPRECATED_OBJC_IMPLEMENTATIONS = YES;
				CLANG_WARN_DIRECT_OBJC_ISA_USAGE = YES_ERROR;
				CLANG_WARN_DOCUMENTATION_COMMENTS = YES;
				CLANG_WARN_EMPTY_BODY = YES;
				CLANG_WARN_ENUM_CONVERSION = YES;
				CLANG_WARN_INFINITE_RECURSION = YES;
				CLANG_WARN_INT_CONVERSION = YES;
				CLANG_WARN_NON_LITERAL_NULL_CONVERSION = YES;
				CLANG_WARN_OBJC_IMPLICIT_RETAIN_SELF = YES;
				CLANG_WARN_OBJC_LITERAL_CONVERSION = YES;
				CLANG_WARN_OBJC_ROOT_CLASS = YES_ERROR;
				CLANG_WARN_QUOTED_INCLUDE_IN_FRAMEWORK_HEADER = YES;
				CLANG_WARN_RANGE_LOOP_ANALYSIS = YES;
				CLANG_WARN_STRICT_PROTOTYPES = YES;
				CLANG_WARN_SUSPICIOUS_MOVE = YES;
				CLANG_WARN_UNGUARDED_AVAILABILITY = YES_AGGRESSIVE;
				CLANG_WARN_UNREACHABLE_CODE = YES;
				CLANG_WARN__DUPLICATE_METHOD_MATCH = YES;
				COPY_PHASE_STRIP = NO;
				DEBUG_INFORMATION_FORMAT = dwarf;
				ENABLE_STRICT_OBJC_MSGSEND = YES;
				ENABLE_TESTABILITY = YES;
				GCC_C_LANGUAGE_STANDARD = gnu11;
				GCC_DYNAMIC_NO_PIC = NO;
				GCC_NO_COMMON_BLOCKS = YES;
				GCC_OPTIMIZATION_LEVEL = 0;
				GCC_PREPROCESSOR_DEFINITIONS = (
					"DEBUG=1",
					"$(inherited)",
				);
				GCC_WARN_64_TO_32_BIT_CONVERSION = YES;
				GCC_WARN_ABOUT_RETURN_TYPE = YES_ERROR;
				GCC_WARN_UNDECLARED_SELECTOR = YES;
				GCC_WARN_UNINITIALIZED_AUTOS = YES_AGGRESSIVE;
				GCC_WARN_UNUSED_FUNCTION = YES;
				GCC_WARN_UNUSED_VARIABLE = YES;
				IPHONEOS_DEPLOYMENT_TARGET = 15.0;
				MTL_ENABLE_DEBUG_INFO = INCLUDE_SOURCE;
				MTL_FAST_MATH = YES;
				ONLY_ACTIVE_ARCH = YES;
				SDKROOT = iphoneos;
				SWIFT_ACTIVE_COMPILATION_CONDITIONS = DEBUG;
				SWIFT_OPTIMIZATION_LEVEL = "-Onone";
			};
			name = Debug;
		};
		7C78830529523843005481BC /* Release */ = {
			isa = XCBuildConfiguration;
			buildSettings = {
				ALWAYS_SEARCH_USER_PATHS = NO;
				CLANG_ANALYZER_NONNULL = YES;
				CLANG_ANALYZER_NUMBER_OBJECT_CONVERSION = YES_AGGRESSIVE;
				CLANG_CXX_LANGUAGE_STANDARD = "gnu++20";
				CLANG_ENABLE_MODULES = YES;
				CLANG_ENABLE_OBJC_ARC = YES;
				CLANG_ENABLE_OBJC_WEAK = YES;
				CLANG_WARN_BLOCK_CAPTURE_AUTORELEASING = YES;
				CLANG_WARN_BOOL_CONVERSION = YES;
				CLANG_WARN_COMMA = YES;
				CLANG_WARN_CONSTANT_CONVERSION = YES;
				CLANG_WARN_DEPRECATED_OBJC_IMPLEMENTATIONS = YES;
				CLANG_WARN_DIRECT_OBJC_ISA_USAGE = YES_ERROR;
				CLANG_WARN_DOCUMENTATION_COMMENTS = YES;
				CLANG_WARN_EMPTY_BODY = YES;
				CLANG_WARN_ENUM_CONVERSION = YES;
				CLANG_WARN_INFINITE_RECURSION = YES;
				CLANG_WARN_INT_CONVERSION = YES;
				CLANG_WARN_NON_LITERAL_NULL_CONVERSION = YES;
				CLANG_WARN_OBJC_IMPLICIT_RETAIN_SELF = YES;
				CLANG_WARN_OBJC_LITERAL_CONVERSION = YES;
				CLANG_WARN_OBJC_ROOT_CLASS = YES_ERROR;
				CLANG_WARN_QUOTED_INCLUDE_IN_FRAMEWORK_HEADER = YES;
				CLANG_WARN_RANGE_LOOP_ANALYSIS = YES;
				CLANG_WARN_STRICT_PROTOTYPES = YES;
				CLANG_WARN_SUSPICIOUS_MOVE = YES;
				CLANG_WARN_UNGUARDED_AVAILABILITY = YES_AGGRESSIVE;
				CLANG_WARN_UNREACHABLE_CODE = YES;
				CLANG_WARN__DUPLICATE_METHOD_MATCH = YES;
				COPY_PHASE_STRIP = NO;
				DEBUG_INFORMATION_FORMAT = "dwarf-with-dsym";
				ENABLE_NS_ASSERTIONS = NO;
				ENABLE_STRICT_OBJC_MSGSEND = YES;
				GCC_C_LANGUAGE_STANDARD = gnu11;
				GCC_NO_COMMON_BLOCKS = YES;
				GCC_WARN_64_TO_32_BIT_CONVERSION = YES;
				GCC_WARN_ABOUT_RETURN_TYPE = YES_ERROR;
				GCC_WARN_UNDECLARED_SELECTOR = YES;
				GCC_WARN_UNINITIALIZED_AUTOS = YES_AGGRESSIVE;
				GCC_WARN_UNUSED_FUNCTION = YES;
				GCC_WARN_UNUSED_VARIABLE = YES;
				IPHONEOS_DEPLOYMENT_TARGET = 15.0;
				MTL_ENABLE_DEBUG_INFO = NO;
				MTL_FAST_MATH = YES;
				SDKROOT = iphoneos;
				SWIFT_COMPILATION_MODE = wholemodule;
				SWIFT_OPTIMIZATION_LEVEL = "-O";
				VALIDATE_PRODUCT = YES;
			};
			name = Release;
		};
		7C78830729523843005481BC /* Debug */ = {
			isa = XCBuildConfiguration;
			buildSettings = {
				ASSETCATALOG_COMPILER_APPICON_NAME = AppIcon;
				ASSETCATALOG_COMPILER_GLOBAL_ACCENT_COLOR_NAME = AccentColor;
				CODE_SIGN_STYLE = Automatic;
				CURRENT_PROJECT_VERSION = 1;
				DEVELOPMENT_ASSET_PATHS = "\"IFound/Preview Content\"";
				DEVELOPMENT_TEAM = K965NGP7H6;
				ENABLE_PREVIEWS = YES;
				GENERATE_INFOPLIST_FILE = YES;
				INFOPLIST_FILE = IFound/Info.plist;
				INFOPLIST_KEY_NSLocationAlwaysAndWhenInUseUsageDescription = "Allow using location for when using the app and on the background";
				INFOPLIST_KEY_NSLocationWhenInUseUsageDescription = "Allow using location for when using the app";
				INFOPLIST_KEY_UIApplicationSceneManifest_Generation = YES;
				INFOPLIST_KEY_UIApplicationSupportsIndirectInputEvents = YES;
				INFOPLIST_KEY_UILaunchScreen_Generation = YES;
				INFOPLIST_KEY_UIStatusBarStyle = UIStatusBarStyleDarkContent;
				INFOPLIST_KEY_UISupportedInterfaceOrientations_iPad = "UIInterfaceOrientationPortrait UIInterfaceOrientationPortraitUpsideDown UIInterfaceOrientationLandscapeLeft UIInterfaceOrientationLandscapeRight";
				INFOPLIST_KEY_UISupportedInterfaceOrientations_iPhone = "UIInterfaceOrientationPortrait UIInterfaceOrientationLandscapeLeft UIInterfaceOrientationLandscapeRight";
				LD_RUNPATH_SEARCH_PATHS = (
					"$(inherited)",
					"@executable_path/Frameworks",
				);
				MARKETING_VERSION = 1.0;
				PRODUCT_BUNDLE_IDENTIFIER = ee.taltech.IFound;
				PRODUCT_NAME = "$(TARGET_NAME)";
				SWIFT_EMIT_LOC_STRINGS = YES;
				SWIFT_VERSION = 5.0;
				TARGETED_DEVICE_FAMILY = "1,2";
			};
			name = Debug;
		};
		7C78830829523843005481BC /* Release */ = {
			isa = XCBuildConfiguration;
			buildSettings = {
				ASSETCATALOG_COMPILER_APPICON_NAME = AppIcon;
				ASSETCATALOG_COMPILER_GLOBAL_ACCENT_COLOR_NAME = AccentColor;
				CODE_SIGN_STYLE = Automatic;
				CURRENT_PROJECT_VERSION = 1;
				DEVELOPMENT_ASSET_PATHS = "\"IFound/Preview Content\"";
				DEVELOPMENT_TEAM = K965NGP7H6;
				ENABLE_PREVIEWS = YES;
				GENERATE_INFOPLIST_FILE = YES;
				INFOPLIST_FILE = IFound/Info.plist;
				INFOPLIST_KEY_NSLocationAlwaysAndWhenInUseUsageDescription = "Allow using location for when using the app and on the background";
				INFOPLIST_KEY_NSLocationWhenInUseUsageDescription = "Allow using location for when using the app";
				INFOPLIST_KEY_UIApplicationSceneManifest_Generation = YES;
				INFOPLIST_KEY_UIApplicationSupportsIndirectInputEvents = YES;
				INFOPLIST_KEY_UILaunchScreen_Generation = YES;
				INFOPLIST_KEY_UIStatusBarStyle = UIStatusBarStyleDarkContent;
				INFOPLIST_KEY_UISupportedInterfaceOrientations_iPad = "UIInterfaceOrientationPortrait UIInterfaceOrientationPortraitUpsideDown UIInterfaceOrientationLandscapeLeft UIInterfaceOrientationLandscapeRight";
				INFOPLIST_KEY_UISupportedInterfaceOrientations_iPhone = "UIInterfaceOrientationPortrait UIInterfaceOrientationLandscapeLeft UIInterfaceOrientationLandscapeRight";
				LD_RUNPATH_SEARCH_PATHS = (
					"$(inherited)",
					"@executable_path/Frameworks",
				);
				MARKETING_VERSION = 1.0;
				PRODUCT_BUNDLE_IDENTIFIER = ee.taltech.IFound;
				PRODUCT_NAME = "$(TARGET_NAME)";
				SWIFT_EMIT_LOC_STRINGS = YES;
				SWIFT_VERSION = 5.0;
				TARGETED_DEVICE_FAMILY = "1,2";
			};
			name = Release;
		};
/* End XCBuildConfiguration section */

/* Begin XCConfigurationList section */
		7C7882F329523842005481BC /* Build configuration list for PBXProject "IFound" */ = {
			isa = XCConfigurationList;
			buildConfigurations = (
				7C78830429523843005481BC /* Debug */,
				7C78830529523843005481BC /* Release */,
			);
			defaultConfigurationIsVisible = 0;
			defaultConfigurationName = Release;
		};
		7C78830629523843005481BC /* Build configuration list for PBXNativeTarget "IFound" */ = {
			isa = XCConfigurationList;
			buildConfigurations = (
				7C78830729523843005481BC /* Debug */,
				7C78830829523843005481BC /* Release */,
			);
			defaultConfigurationIsVisible = 0;
			defaultConfigurationName = Release;
		};
/* End XCConfigurationList section */

/* Begin XCRemoteSwiftPackageReference section */
		7C9BEF2829533AAE00BA84CB /* XCRemoteSwiftPackageReference "swiftui-drawer" */ = {
			isa = XCRemoteSwiftPackageReference;
			repositoryURL = "https://github.com/maustinstar/swiftui-drawer.git";
			requirement = {
				branch = master;
				kind = branch;
			};
		};
/* End XCRemoteSwiftPackageReference section */

/* Begin XCSwiftPackageProductDependency section */
		7C9BEF2929533AAE00BA84CB /* Drawer */ = {
			isa = XCSwiftPackageProductDependency;
			package = 7C9BEF2829533AAE00BA84CB /* XCRemoteSwiftPackageReference "swiftui-drawer" */;
			productName = Drawer;
		};
/* End XCSwiftPackageProductDependency section */
	};
	rootObject = 7C7882F029523842005481BC /* Project object */;
}
